<?xml version="1.0" encoding="utf-8"?>
<Project ToolsVersion="4.0" xmlns="http://schemas.microsoft.com/developer/msbuild/2003">
  <ItemGroup>
    <Filter Include="Installer Files">
      <UniqueIdentifier>{7189cd84-376f-4257-9999-3b861352d32d}</UniqueIdentifier>
    </Filter>
  </ItemGroup>
  <ItemGroup>
    <None Include="..\nsis\main.nsi">
      <Filter>Installer Files</Filter>
    </None>
    <None Include="..\nsis\Win32.nsh">
      <Filter>Installer Files</Filter>
    </None>
    <None Include="..\AUTHORS" />
    <None Include="..\CHANGES" />
    <None Include="..\LICENSE" />
    <None Include="..\README.md" />
    <None Include="..\INSTALL.md" />
  </ItemGroup>
  <ItemGroup>
    <CustomBuild Include="..\nsis\build_portable.bat">
      <Filter>Installer Files</Filter>
    </CustomBuild>
    <CustomBuild Include="..\nsis\build_setup.bat">
      <Filter>Installer Files</Filter>
    </CustomBuild>
  </ItemGroup>
</Project>